// !$*UTF8*$!
{
	archiveVersion = 1;
	classes = {
	};
	objectVersion = 55;
	objects = {

/* Begin PBXBuildFile section */
		75D438F328FBFB8B007B4C8B /* AppDelegate.swift in Sources */ = {isa = PBXBuildFile; fileRef = 75D438F228FBFB8B007B4C8B /* AppDelegate.swift */; };
		75D438F528FBFB8B007B4C8B /* SceneDelegate.swift in Sources */ = {isa = PBXBuildFile; fileRef = 75D438F428FBFB8B007B4C8B /* SceneDelegate.swift */; };
		75D438F728FBFB8B007B4C8B /* ViewController.swift in Sources */ = {isa = PBXBuildFile; fileRef = 75D438F628FBFB8B007B4C8B /* ViewController.swift */; };
		75D438FA28FBFB8B007B4C8B /* Main.storyboard in Resources */ = {isa = PBXBuildFile; fileRef = 75D438F828FBFB8B007B4C8B /* Main.storyboard */; };
		75D438FC28FBFB90007B4C8B /* Assets.xcassets in Resources */ = {isa = PBXBuildFile; fileRef = 75D438FB28FBFB90007B4C8B /* Assets.xcassets */; };
		75D438FF28FBFB90007B4C8B /* LaunchScreen.storyboard in Resources */ = {isa = PBXBuildFile; fileRef = 75D438FD28FBFB90007B4C8B /* LaunchScreen.storyboard */; };
		75D4390A28FBFB91007B4C8B /* BTC_ValidatorTests.swift in Sources */ = {isa = PBXBuildFile; fileRef = 75D4390928FBFB91007B4C8B /* BTC_ValidatorTests.swift */; };
		75D4391428FBFB91007B4C8B /* BTC_ValidatorUITests.swift in Sources */ = {isa = PBXBuildFile; fileRef = 75D4391328FBFB91007B4C8B /* BTC_ValidatorUITests.swift */; };
		75D4391628FBFB91007B4C8B /* BTC_ValidatorUITestsLaunchTests.swift in Sources */ = {isa = PBXBuildFile; fileRef = 75D4391528FBFB91007B4C8B /* BTC_ValidatorUITestsLaunchTests.swift */; };
		75D4392528FC061F007B4C8B /* QRScannerViewController.storyboard in Resources */ = {isa = PBXBuildFile; fileRef = 75D4392428FC061F007B4C8B /* QRScannerViewController.storyboard */; };
		75D4392828FC063B007B4C8B /* QRScannerViewController.swift in Sources */ = {isa = PBXBuildFile; fileRef = 75D4392728FC063B007B4C8B /* QRScannerViewController.swift */; };
		75D4392C28FC0A86007B4C8B /* QRData.swift in Sources */ = {isa = PBXBuildFile; fileRef = 75D4392B28FC0A86007B4C8B /* QRData.swift */; };
		75D4392E28FC0AD7007B4C8B /* QRScannerView.swift in Sources */ = {isa = PBXBuildFile; fileRef = 75D4392D28FC0AD7007B4C8B /* QRScannerView.swift */; };
		75D4393028FC1B39007B4C8B /* Util.swift in Sources */ = {isa = PBXBuildFile; fileRef = 75D4392F28FC1B39007B4C8B /* Util.swift */; };
		75D4393328FC1EB8007B4C8B /* ValidateViewController.swift in Sources */ = {isa = PBXBuildFile; fileRef = 75D4393228FC1EB8007B4C8B /* ValidateViewController.swift */; };
		75D4393528FC1EBF007B4C8B /* ValidateViewController.storyboard in Resources */ = {isa = PBXBuildFile; fileRef = 75D4393428FC1EBF007B4C8B /* ValidateViewController.storyboard */; };
		75D4393828FC2620007B4C8B /* extension+String.swift in Sources */ = {isa = PBXBuildFile; fileRef = 75D4393728FC2620007B4C8B /* extension+String.swift */; };
		75D4393B28FC28AF007B4C8B /* AssetsContants.swift in Sources */ = {isa = PBXBuildFile; fileRef = 75D4393A28FC28AF007B4C8B /* AssetsContants.swift */; };
/* End PBXBuildFile section */

/* Begin PBXContainerItemProxy section */
		75D4390628FBFB91007B4C8B /* PBXContainerItemProxy */ = {
			isa = PBXContainerItemProxy;
			containerPortal = 75D438E728FBFB8B007B4C8B /* Project object */;
			proxyType = 1;
			remoteGlobalIDString = 75D438EE28FBFB8B007B4C8B;
			remoteInfo = "BTC Validator";
		};
		75D4391028FBFB91007B4C8B /* PBXContainerItemProxy */ = {
			isa = PBXContainerItemProxy;
			containerPortal = 75D438E728FBFB8B007B4C8B /* Project object */;
			proxyType = 1;
			remoteGlobalIDString = 75D438EE28FBFB8B007B4C8B;
			remoteInfo = "BTC Validator";
		};
/* End PBXContainerItemProxy section */

/* Begin PBXFileReference section */
		75D438EF28FBFB8B007B4C8B /* BTC Validator.app */ = {isa = PBXFileReference; explicitFileType = wrapper.application; includeInIndex = 0; path = "BTC Validator.app"; sourceTree = BUILT_PRODUCTS_DIR; };
		75D438F228FBFB8B007B4C8B /* AppDelegate.swift */ = {isa = PBXFileReference; lastKnownFileType = sourcecode.swift; path = AppDelegate.swift; sourceTree = "<group>"; };
		75D438F428FBFB8B007B4C8B /* SceneDelegate.swift */ = {isa = PBXFileReference; lastKnownFileType = sourcecode.swift; path = SceneDelegate.swift; sourceTree = "<group>"; };
		75D438F628FBFB8B007B4C8B /* ViewController.swift */ = {isa = PBXFileReference; lastKnownFileType = sourcecode.swift; path = ViewController.swift; sourceTree = "<group>"; };
		75D438F928FBFB8B007B4C8B /* Base */ = {isa = PBXFileReference; lastKnownFileType = file.storyboard; name = Base; path = Base.lproj/Main.storyboard; sourceTree = "<group>"; };
		75D438FB28FBFB90007B4C8B /* Assets.xcassets */ = {isa = PBXFileReference; lastKnownFileType = folder.assetcatalog; path = Assets.xcassets; sourceTree = "<group>"; };
		75D438FE28FBFB90007B4C8B /* Base */ = {isa = PBXFileReference; lastKnownFileType = file.storyboard; name = Base; path = Base.lproj/LaunchScreen.storyboard; sourceTree = "<group>"; };
		75D4390028FBFB90007B4C8B /* Info.plist */ = {isa = PBXFileReference; lastKnownFileType = text.plist.xml; path = Info.plist; sourceTree = "<group>"; };
		75D4390528FBFB91007B4C8B /* BTC ValidatorTests.xctest */ = {isa = PBXFileReference; explicitFileType = wrapper.cfbundle; includeInIndex = 0; path = "BTC ValidatorTests.xctest"; sourceTree = BUILT_PRODUCTS_DIR; };
		75D4390928FBFB91007B4C8B /* BTC_ValidatorTests.swift */ = {isa = PBXFileReference; lastKnownFileType = sourcecode.swift; path = BTC_ValidatorTests.swift; sourceTree = "<group>"; };
		75D4390F28FBFB91007B4C8B /* BTC ValidatorUITests.xctest */ = {isa = PBXFileReference; explicitFileType = wrapper.cfbundle; includeInIndex = 0; path = "BTC ValidatorUITests.xctest"; sourceTree = BUILT_PRODUCTS_DIR; };
		75D4391328FBFB91007B4C8B /* BTC_ValidatorUITests.swift */ = {isa = PBXFileReference; lastKnownFileType = sourcecode.swift; path = BTC_ValidatorUITests.swift; sourceTree = "<group>"; };
		75D4391528FBFB91007B4C8B /* BTC_ValidatorUITestsLaunchTests.swift */ = {isa = PBXFileReference; lastKnownFileType = sourcecode.swift; path = BTC_ValidatorUITestsLaunchTests.swift; sourceTree = "<group>"; };
		75D4392428FC061F007B4C8B /* QRScannerViewController.storyboard */ = {isa = PBXFileReference; lastKnownFileType = file.storyboard; path = QRScannerViewController.storyboard; sourceTree = "<group>"; };
		75D4392728FC063B007B4C8B /* QRScannerViewController.swift */ = {isa = PBXFileReference; lastKnownFileType = sourcecode.swift; path = QRScannerViewController.swift; sourceTree = "<group>"; };
		75D4392B28FC0A86007B4C8B /* QRData.swift */ = {isa = PBXFileReference; lastKnownFileType = sourcecode.swift; path = QRData.swift; sourceTree = "<group>"; };
		75D4392D28FC0AD7007B4C8B /* QRScannerView.swift */ = {isa = PBXFileReference; lastKnownFileType = sourcecode.swift; path = QRScannerView.swift; sourceTree = "<group>"; };
		75D4392F28FC1B39007B4C8B /* Util.swift */ = {isa = PBXFileReference; lastKnownFileType = sourcecode.swift; path = Util.swift; sourceTree = "<group>"; };
		75D4393228FC1EB8007B4C8B /* ValidateViewController.swift */ = {isa = PBXFileReference; lastKnownFileType = sourcecode.swift; path = ValidateViewController.swift; sourceTree = "<group>"; };
		75D4393428FC1EBF007B4C8B /* ValidateViewController.storyboard */ = {isa = PBXFileReference; lastKnownFileType = file.storyboard; path = ValidateViewController.storyboard; sourceTree = "<group>"; };
		75D4393728FC2620007B4C8B /* extension+String.swift */ = {isa = PBXFileReference; lastKnownFileType = sourcecode.swift; path = "extension+String.swift"; sourceTree = "<group>"; };
		75D4393A28FC28AF007B4C8B /* AssetsContants.swift */ = {isa = PBXFileReference; lastKnownFileType = sourcecode.swift; path = AssetsContants.swift; sourceTree = "<group>"; };
/* End PBXFileReference section */

/* Begin PBXFrameworksBuildPhase section */
		75D438EC28FBFB8B007B4C8B /* Frameworks */ = {
			isa = PBXFrameworksBuildPhase;
			buildActionMask = 2147483647;
			files = (
			);
			runOnlyForDeploymentPostprocessing = 0;
		};
		75D4390228FBFB91007B4C8B /* Frameworks */ = {
			isa = PBXFrameworksBuildPhase;
			buildActionMask = 2147483647;
			files = (
			);
			runOnlyForDeploymentPostprocessing = 0;
		};
		75D4390C28FBFB91007B4C8B /* Frameworks */ = {
			isa = PBXFrameworksBuildPhase;
			buildActionMask = 2147483647;
			files = (
			);
			runOnlyForDeploymentPostprocessing = 0;
		};
/* End PBXFrameworksBuildPhase section */

/* Begin PBXGroup section */
		75D438E628FBFB8B007B4C8B = {
			isa = PBXGroup;
			children = (
				75D438F128FBFB8B007B4C8B /* BTC Validator */,
				75D4390828FBFB91007B4C8B /* BTC ValidatorTests */,
				75D4391228FBFB91007B4C8B /* BTC ValidatorUITests */,
				75D438F028FBFB8B007B4C8B /* Products */,
			);
			sourceTree = "<group>";
		};
		75D438F028FBFB8B007B4C8B /* Products */ = {
			isa = PBXGroup;
			children = (
				75D438EF28FBFB8B007B4C8B /* BTC Validator.app */,
				75D4390528FBFB91007B4C8B /* BTC ValidatorTests.xctest */,
				75D4390F28FBFB91007B4C8B /* BTC ValidatorUITests.xctest */,
			);
			name = Products;
			sourceTree = "<group>";
		};
		75D438F128FBFB8B007B4C8B /* BTC Validator */ = {
			isa = PBXGroup;
			children = (
				75D4392228FBFBAB007B4C8B /* Screen */,
				75D4392328FBFC2F007B4C8B /* Common */,
				75D4392A28FC0A61007B4C8B /* Model */,
				75D438F228FBFB8B007B4C8B /* AppDelegate.swift */,
				75D438F428FBFB8B007B4C8B /* SceneDelegate.swift */,
				75D438F628FBFB8B007B4C8B /* ViewController.swift */,
				75D438F828FBFB8B007B4C8B /* Main.storyboard */,
				75D438FB28FBFB90007B4C8B /* Assets.xcassets */,
				75D438FD28FBFB90007B4C8B /* LaunchScreen.storyboard */,
				75D4390028FBFB90007B4C8B /* Info.plist */,
			);
			path = "BTC Validator";
			sourceTree = "<group>";
		};
		75D4390828FBFB91007B4C8B /* BTC ValidatorTests */ = {
			isa = PBXGroup;
			children = (
				75D4390928FBFB91007B4C8B /* BTC_ValidatorTests.swift */,
			);
			path = "BTC ValidatorTests";
			sourceTree = "<group>";
		};
		75D4391228FBFB91007B4C8B /* BTC ValidatorUITests */ = {
			isa = PBXGroup;
			children = (
				75D4391328FBFB91007B4C8B /* BTC_ValidatorUITests.swift */,
				75D4391528FBFB91007B4C8B /* BTC_ValidatorUITestsLaunchTests.swift */,
			);
			path = "BTC ValidatorUITests";
			sourceTree = "<group>";
		};
		75D4392228FBFBAB007B4C8B /* Screen */ = {
			isa = PBXGroup;
			children = (
				75D4393128FC1EA0007B4C8B /* Validate View */,
				75D4392628FC0625007B4C8B /* QR Scanner */,
			);
			path = Screen;
			sourceTree = "<group>";
		};
		75D4392328FBFC2F007B4C8B /* Common */ = {
			isa = PBXGroup;
			children = (
				75D4393928FC2896007B4C8B /* Constants */,
				75D4393628FC2611007B4C8B /* Extenstions */,
				75D4392928FC0A3A007B4C8B /* QRCodeReaderView */,
				75D4392F28FC1B39007B4C8B /* Util.swift */,
			);
			path = Common;
			sourceTree = "<group>";
		};
		75D4392628FC0625007B4C8B /* QR Scanner */ = {
			isa = PBXGroup;
			children = (
				75D4392428FC061F007B4C8B /* QRScannerViewController.storyboard */,
				75D4392728FC063B007B4C8B /* QRScannerViewController.swift */,
			);
			path = "QR Scanner";
			sourceTree = "<group>";
		};
		75D4392928FC0A3A007B4C8B /* QRCodeReaderView */ = {
			isa = PBXGroup;
			children = (
				75D4392D28FC0AD7007B4C8B /* QRScannerView.swift */,
			);
			path = QRCodeReaderView;
			sourceTree = "<group>";
		};
		75D4392A28FC0A61007B4C8B /* Model */ = {
			isa = PBXGroup;
			children = (
				75D4392B28FC0A86007B4C8B /* QRData.swift */,
			);
			path = Model;
			sourceTree = "<group>";
		};
		75D4393128FC1EA0007B4C8B /* Validate View */ = {
			isa = PBXGroup;
			children = (
				75D4393228FC1EB8007B4C8B /* ValidateViewController.swift */,
				75D4393428FC1EBF007B4C8B /* ValidateViewController.storyboard */,
			);
			path = "Validate View";
			sourceTree = "<group>";
		};
		75D4393628FC2611007B4C8B /* Extenstions */ = {
			isa = PBXGroup;
			children = (
				75D4393728FC2620007B4C8B /* extension+String.swift */,
			);
			path = Extenstions;
			sourceTree = "<group>";
		};
		75D4393928FC2896007B4C8B /* Constants */ = {
			isa = PBXGroup;
			children = (
				75D4393A28FC28AF007B4C8B /* AssetsContants.swift */,
			);
			path = Constants;
			sourceTree = "<group>";
		};
/* End PBXGroup section */

/* Begin PBXNativeTarget section */
		75D438EE28FBFB8B007B4C8B /* BTC Validator */ = {
			isa = PBXNativeTarget;
			buildConfigurationList = 75D4391928FBFB91007B4C8B /* Build configuration list for PBXNativeTarget "BTC Validator" */;
			buildPhases = (
				75D438EB28FBFB8B007B4C8B /* Sources */,
				75D438EC28FBFB8B007B4C8B /* Frameworks */,
				75D438ED28FBFB8B007B4C8B /* Resources */,
			);
			buildRules = (
			);
			dependencies = (
			);
			name = "BTC Validator";
			productName = "BTC Validator";
			productReference = 75D438EF28FBFB8B007B4C8B /* BTC Validator.app */;
			productType = "com.apple.product-type.application";
		};
		75D4390428FBFB91007B4C8B /* BTC ValidatorTests */ = {
			isa = PBXNativeTarget;
			buildConfigurationList = 75D4391C28FBFB91007B4C8B /* Build configuration list for PBXNativeTarget "BTC ValidatorTests" */;
			buildPhases = (
				75D4390128FBFB91007B4C8B /* Sources */,
				75D4390228FBFB91007B4C8B /* Frameworks */,
				75D4390328FBFB91007B4C8B /* Resources */,
			);
			buildRules = (
			);
			dependencies = (
				75D4390728FBFB91007B4C8B /* PBXTargetDependency */,
			);
			name = "BTC ValidatorTests";
			productName = "BTC ValidatorTests";
			productReference = 75D4390528FBFB91007B4C8B /* BTC ValidatorTests.xctest */;
			productType = "com.apple.product-type.bundle.unit-test";
		};
		75D4390E28FBFB91007B4C8B /* BTC ValidatorUITests */ = {
			isa = PBXNativeTarget;
			buildConfigurationList = 75D4391F28FBFB91007B4C8B /* Build configuration list for PBXNativeTarget "BTC ValidatorUITests" */;
			buildPhases = (
				75D4390B28FBFB91007B4C8B /* Sources */,
				75D4390C28FBFB91007B4C8B /* Frameworks */,
				75D4390D28FBFB91007B4C8B /* Resources */,
			);
			buildRules = (
			);
			dependencies = (
				75D4391128FBFB91007B4C8B /* PBXTargetDependency */,
			);
			name = "BTC ValidatorUITests";
			productName = "BTC ValidatorUITests";
			productReference = 75D4390F28FBFB91007B4C8B /* BTC ValidatorUITests.xctest */;
			productType = "com.apple.product-type.bundle.ui-testing";
		};
/* End PBXNativeTarget section */

/* Begin PBXProject section */
		75D438E728FBFB8B007B4C8B /* Project object */ = {
			isa = PBXProject;
			attributes = {
				BuildIndependentTargetsInParallel = 1;
				LastSwiftUpdateCheck = 1340;
				LastUpgradeCheck = 1340;
				TargetAttributes = {
					75D438EE28FBFB8B007B4C8B = {
						CreatedOnToolsVersion = 13.4.1;
					};
					75D4390428FBFB91007B4C8B = {
						CreatedOnToolsVersion = 13.4.1;
						TestTargetID = 75D438EE28FBFB8B007B4C8B;
					};
					75D4390E28FBFB91007B4C8B = {
						CreatedOnToolsVersion = 13.4.1;
						TestTargetID = 75D438EE28FBFB8B007B4C8B;
					};
				};
			};
			buildConfigurationList = 75D438EA28FBFB8B007B4C8B /* Build configuration list for PBXProject "BTC Validator" */;
			compatibilityVersion = "Xcode 13.0";
			developmentRegion = en;
			hasScannedForEncodings = 0;
			knownRegions = (
				en,
				Base,
			);
			mainGroup = 75D438E628FBFB8B007B4C8B;
			productRefGroup = 75D438F028FBFB8B007B4C8B /* Products */;
			projectDirPath = "";
			projectRoot = "";
			targets = (
				75D438EE28FBFB8B007B4C8B /* BTC Validator */,
				75D4390428FBFB91007B4C8B /* BTC ValidatorTests */,
				75D4390E28FBFB91007B4C8B /* BTC ValidatorUITests */,
			);
		};
/* End PBXProject section */

/* Begin PBXResourcesBuildPhase section */
		75D438ED28FBFB8B007B4C8B /* Resources */ = {
			isa = PBXResourcesBuildPhase;
			buildActionMask = 2147483647;
			files = (
				75D438FF28FBFB90007B4C8B /* LaunchScreen.storyboard in Resources */,
				75D4392528FC061F007B4C8B /* QRScannerViewController.storyboard in Resources */,
				75D438FC28FBFB90007B4C8B /* Assets.xcassets in Resources */,
				75D4393528FC1EBF007B4C8B /* ValidateViewController.storyboard in Resources */,
				75D438FA28FBFB8B007B4C8B /* Main.storyboard in Resources */,
			);
			runOnlyForDeploymentPostprocessing = 0;
		};
		75D4390328FBFB91007B4C8B /* Resources */ = {
			isa = PBXResourcesBuildPhase;
			buildActionMask = 2147483647;
			files = (
			);
			runOnlyForDeploymentPostprocessing = 0;
		};
		75D4390D28FBFB91007B4C8B /* Resources */ = {
			isa = PBXResourcesBuildPhase;
			buildActionMask = 2147483647;
			files = (
			);
			runOnlyForDeploymentPostprocessing = 0;
		};
/* End PBXResourcesBuildPhase section */

/* Begin PBXSourcesBuildPhase section */
		75D438EB28FBFB8B007B4C8B /* Sources */ = {
			isa = PBXSourcesBuildPhase;
			buildActionMask = 2147483647;
			files = (
				75D4393328FC1EB8007B4C8B /* ValidateViewController.swift in Sources */,
				75D4392828FC063B007B4C8B /* QRScannerViewController.swift in Sources */,
				75D4393828FC2620007B4C8B /* extension+String.swift in Sources */,
				75D438F728FBFB8B007B4C8B /* ViewController.swift in Sources */,
				75D4393B28FC28AF007B4C8B /* AssetsContants.swift in Sources */,
				75D438F328FBFB8B007B4C8B /* AppDelegate.swift in Sources */,
				75D438F528FBFB8B007B4C8B /* SceneDelegate.swift in Sources */,
				75D4393028FC1B39007B4C8B /* Util.swift in Sources */,
				75D4392E28FC0AD7007B4C8B /* QRScannerView.swift in Sources */,
				75D4392C28FC0A86007B4C8B /* QRData.swift in Sources */,
			);
			runOnlyForDeploymentPostprocessing = 0;
		};
		75D4390128FBFB91007B4C8B /* Sources */ = {
			isa = PBXSourcesBuildPhase;
			buildActionMask = 2147483647;
			files = (
				75D4390A28FBFB91007B4C8B /* BTC_ValidatorTests.swift in Sources */,
			);
			runOnlyForDeploymentPostprocessing = 0;
		};
		75D4390B28FBFB91007B4C8B /* Sources */ = {
			isa = PBXSourcesBuildPhase;
			buildActionMask = 2147483647;
			files = (
				75D4391428FBFB91007B4C8B /* BTC_ValidatorUITests.swift in Sources */,
				75D4391628FBFB91007B4C8B /* BTC_ValidatorUITestsLaunchTests.swift in Sources */,
			);
			runOnlyForDeploymentPostprocessing = 0;
		};
/* End PBXSourcesBuildPhase section */

/* Begin PBXTargetDependency section */
		75D4390728FBFB91007B4C8B /* PBXTargetDependency */ = {
			isa = PBXTargetDependency;
			target = 75D438EE28FBFB8B007B4C8B /* BTC Validator */;
			targetProxy = 75D4390628FBFB91007B4C8B /* PBXContainerItemProxy */;
		};
		75D4391128FBFB91007B4C8B /* PBXTargetDependency */ = {
			isa = PBXTargetDependency;
			target = 75D438EE28FBFB8B007B4C8B /* BTC Validator */;
			targetProxy = 75D4391028FBFB91007B4C8B /* PBXContainerItemProxy */;
		};
/* End PBXTargetDependency section */

/* Begin PBXVariantGroup section */
		75D438F828FBFB8B007B4C8B /* Main.storyboard */ = {
			isa = PBXVariantGroup;
			children = (
				75D438F928FBFB8B007B4C8B /* Base */,
			);
			name = Main.storyboard;
			sourceTree = "<group>";
		};
		75D438FD28FBFB90007B4C8B /* LaunchScreen.storyboard */ = {
			isa = PBXVariantGroup;
			children = (
				75D438FE28FBFB90007B4C8B /* Base */,
			);
			name = LaunchScreen.storyboard;
			sourceTree = "<group>";
		};
/* End PBXVariantGroup section */

/* Begin XCBuildConfiguration section */
		75D4391728FBFB91007B4C8B /* Debug */ = {
			isa = XCBuildConfiguration;
			buildSettings = {
				ALWAYS_SEARCH_USER_PATHS = NO;
				CLANG_ANALYZER_NONNULL = YES;
				CLANG_ANALYZER_NUMBER_OBJECT_CONVERSION = YES_AGGRESSIVE;
				CLANG_CXX_LANGUAGE_STANDARD = "gnu++17";
				CLANG_ENABLE_MODULES = YES;
				CLANG_ENABLE_OBJC_ARC = YES;
				CLANG_ENABLE_OBJC_WEAK = YES;
				CLANG_WARN_BLOCK_CAPTURE_AUTORELEASING = YES;
				CLANG_WARN_BOOL_CONVERSION = YES;
				CLANG_WARN_COMMA = YES;
				CLANG_WARN_CONSTANT_CONVERSION = YES;
				CLANG_WARN_DEPRECATED_OBJC_IMPLEMENTATIONS = YES;
				CLANG_WARN_DIRECT_OBJC_ISA_USAGE = YES_ERROR;
				CLANG_WARN_DOCUMENTATION_COMMENTS = YES;
				CLANG_WARN_EMPTY_BODY = YES;
				CLANG_WARN_ENUM_CONVERSION = YES;
				CLANG_WARN_INFINITE_RECURSION = YES;
				CLANG_WARN_INT_CONVERSION = YES;
				CLANG_WARN_NON_LITERAL_NULL_CONVERSION = YES;
				CLANG_WARN_OBJC_IMPLICIT_RETAIN_SELF = YES;
				CLANG_WARN_OBJC_LITERAL_CONVERSION = YES;
				CLANG_WARN_OBJC_ROOT_CLASS = YES_ERROR;
				CLANG_WARN_QUOTED_INCLUDE_IN_FRAMEWORK_HEADER = YES;
				CLANG_WARN_RANGE_LOOP_ANALYSIS = YES;
				CLANG_WARN_STRICT_PROTOTYPES = YES;
				CLANG_WARN_SUSPICIOUS_MOVE = YES;
				CLANG_WARN_UNGUARDED_AVAILABILITY = YES_AGGRESSIVE;
				CLANG_WARN_UNREACHABLE_CODE = YES;
				CLANG_WARN__DUPLICATE_METHOD_MATCH = YES;
				COPY_PHASE_STRIP = NO;
				DEBUG_INFORMATION_FORMAT = dwarf;
				ENABLE_STRICT_OBJC_MSGSEND = YES;
				ENABLE_TESTABILITY = YES;
				GCC_C_LANGUAGE_STANDARD = gnu11;
				GCC_DYNAMIC_NO_PIC = NO;
				GCC_NO_COMMON_BLOCKS = YES;
				GCC_OPTIMIZATION_LEVEL = 0;
				GCC_PREPROCESSOR_DEFINITIONS = (
					"DEBUG=1",
					"$(inherited)",
				);
				GCC_WARN_64_TO_32_BIT_CONVERSION = YES;
				GCC_WARN_ABOUT_RETURN_TYPE = YES_ERROR;
				GCC_WARN_UNDECLARED_SELECTOR = YES;
				GCC_WARN_UNINITIALIZED_AUTOS = YES_AGGRESSIVE;
				GCC_WARN_UNUSED_FUNCTION = YES;
				GCC_WARN_UNUSED_VARIABLE = YES;
				IPHONEOS_DEPLOYMENT_TARGET = 15.5;
				MTL_ENABLE_DEBUG_INFO = INCLUDE_SOURCE;
				MTL_FAST_MATH = YES;
				ONLY_ACTIVE_ARCH = YES;
				SDKROOT = iphoneos;
				SWIFT_ACTIVE_COMPILATION_CONDITIONS = DEBUG;
				SWIFT_OPTIMIZATION_LEVEL = "-Onone";
			};
			name = Debug;
		};
		75D4391828FBFB91007B4C8B /* Release */ = {
			isa = XCBuildConfiguration;
			buildSettings = {
				ALWAYS_SEARCH_USER_PATHS = NO;
				CLANG_ANALYZER_NONNULL = YES;
				CLANG_ANALYZER_NUMBER_OBJECT_CONVERSION = YES_AGGRESSIVE;
				CLANG_CXX_LANGUAGE_STANDARD = "gnu++17";
				CLANG_ENABLE_MODULES = YES;
				CLANG_ENABLE_OBJC_ARC = YES;
				CLANG_ENABLE_OBJC_WEAK = YES;
				CLANG_WARN_BLOCK_CAPTURE_AUTORELEASING = YES;
				CLANG_WARN_BOOL_CONVERSION = YES;
				CLANG_WARN_COMMA = YES;
				CLANG_WARN_CONSTANT_CONVERSION = YES;
				CLANG_WARN_DEPRECATED_OBJC_IMPLEMENTATIONS = YES;
				CLANG_WARN_DIRECT_OBJC_ISA_USAGE = YES_ERROR;
				CLANG_WARN_DOCUMENTATION_COMMENTS = YES;
				CLANG_WARN_EMPTY_BODY = YES;
				CLANG_WARN_ENUM_CONVERSION = YES;
				CLANG_WARN_INFINITE_RECURSION = YES;
				CLANG_WARN_INT_CONVERSION = YES;
				CLANG_WARN_NON_LITERAL_NULL_CONVERSION = YES;
				CLANG_WARN_OBJC_IMPLICIT_RETAIN_SELF = YES;
				CLANG_WARN_OBJC_LITERAL_CONVERSION = YES;
				CLANG_WARN_OBJC_ROOT_CLASS = YES_ERROR;
				CLANG_WARN_QUOTED_INCLUDE_IN_FRAMEWORK_HEADER = YES;
				CLANG_WARN_RANGE_LOOP_ANALYSIS = YES;
				CLANG_WARN_STRICT_PROTOTYPES = YES;
				CLANG_WARN_SUSPICIOUS_MOVE = YES;
				CLANG_WARN_UNGUARDED_AVAILABILITY = YES_AGGRESSIVE;
				CLANG_WARN_UNREACHABLE_CODE = YES;
				CLANG_WARN__DUPLICATE_METHOD_MATCH = YES;
				COPY_PHASE_STRIP = NO;
				DEBUG_INFORMATION_FORMAT = "dwarf-with-dsym";
				ENABLE_NS_ASSERTIONS = NO;
				ENABLE_STRICT_OBJC_MSGSEND = YES;
				GCC_C_LANGUAGE_STANDARD = gnu11;
				GCC_NO_COMMON_BLOCKS = YES;
				GCC_WARN_64_TO_32_BIT_CONVERSION = YES;
				GCC_WARN_ABOUT_RETURN_TYPE = YES_ERROR;
				GCC_WARN_UNDECLARED_SELECTOR = YES;
				GCC_WARN_UNINITIALIZED_AUTOS = YES_AGGRESSIVE;
				GCC_WARN_UNUSED_FUNCTION = YES;
				GCC_WARN_UNUSED_VARIABLE = YES;
				IPHONEOS_DEPLOYMENT_TARGET = 15.5;
				MTL_ENABLE_DEBUG_INFO = NO;
				MTL_FAST_MATH = YES;
				SDKROOT = iphoneos;
				SWIFT_COMPILATION_MODE = wholemodule;
				SWIFT_OPTIMIZATION_LEVEL = "-O";
				VALIDATE_PRODUCT = YES;
			};
			name = Release;
		};
		75D4391A28FBFB91007B4C8B /* Debug */ = {
			isa = XCBuildConfiguration;
			buildSettings = {
				ASSETCATALOG_COMPILER_APPICON_NAME = AppIcon;
				ASSETCATALOG_COMPILER_GLOBAL_ACCENT_COLOR_NAME = AccentColor;
				CODE_SIGN_STYLE = Automatic;
				CURRENT_PROJECT_VERSION = 1;
				DEVELOPMENT_TEAM = 5ZZ45XJRC7;
				GENERATE_INFOPLIST_FILE = YES;
				INFOPLIST_FILE = "BTC Validator/Info.plist";
				INFOPLIST_KEY_UIApplicationSupportsIndirectInputEvents = YES;
				INFOPLIST_KEY_UILaunchStoryboardName = LaunchScreen;
				INFOPLIST_KEY_UIMainStoryboardFile = QRScannerViewController;
				INFOPLIST_KEY_UISupportedInterfaceOrientations_iPad = "UIInterfaceOrientationPortrait UIInterfaceOrientationPortraitUpsideDown UIInterfaceOrientationLandscapeLeft UIInterfaceOrientationLandscapeRight";
				INFOPLIST_KEY_UISupportedInterfaceOrientations_iPhone = "UIInterfaceOrientationPortrait UIInterfaceOrientationLandscapeLeft UIInterfaceOrientationLandscapeRight";
				LD_RUNPATH_SEARCH_PATHS = (
					"$(inherited)",
					"@executable_path/Frameworks",
				);
				MARKETING_VERSION = 1.0;
				PRODUCT_BUNDLE_IDENTIFIER = "com.myparkplus.BTC-Validator";
				PRODUCT_NAME = "$(TARGET_NAME)";
				SWIFT_EMIT_LOC_STRINGS = YES;
				SWIFT_VERSION = 5.0;
				TARGETED_DEVICE_FAMILY = "1,2";
			};
			name = Debug;
		};
		75D4391B28FBFB91007B4C8B /* Release */ = {
			isa = XCBuildConfiguration;
			buildSettings = {
				ASSETCATALOG_COMPILER_APPICON_NAME = AppIcon;
				ASSETCATALOG_COMPILER_GLOBAL_ACCENT_COLOR_NAME = AccentColor;
				CODE_SIGN_STYLE = Automatic;
				CURRENT_PROJECT_VERSION = 1;
				DEVELOPMENT_TEAM = 5ZZ45XJRC7;
				GENERATE_INFOPLIST_FILE = YES;
				INFOPLIST_FILE = "BTC Validator/Info.plist";
				INFOPLIST_KEY_UIApplicationSupportsIndirectInputEvents = YES;
				INFOPLIST_KEY_UILaunchStoryboardName = LaunchScreen;
				INFOPLIST_KEY_UIMainStoryboardFile = QRScannerViewController;
				INFOPLIST_KEY_UISupportedInterfaceOrientations_iPad = "UIInterfaceOrientationPortrait UIInterfaceOrientationPortraitUpsideDown UIInterfaceOrientationLandscapeLeft UIInterfaceOrientationLandscapeRight";
				INFOPLIST_KEY_UISupportedInterfaceOrientations_iPhone = "UIInterfaceOrientationPortrait UIInterfaceOrientationLandscapeLeft UIInterfaceOrientationLandscapeRight";
				LD_RUNPATH_SEARCH_PATHS = (
					"$(inherited)",
					"@executable_path/Frameworks",
				);
				MARKETING_VERSION = 1.0;
				PRODUCT_BUNDLE_IDENTIFIER = "com.myparkplus.BTC-Validator";
				PRODUCT_NAME = "$(TARGET_NAME)";
				SWIFT_EMIT_LOC_STRINGS = YES;
				SWIFT_VERSION = 5.0;
				TARGETED_DEVICE_FAMILY = "1,2";
			};
			name = Release;
		};
		75D4391D28FBFB91007B4C8B /* Debug */ = {
			isa = XCBuildConfiguration;
			buildSettings = {
				ALWAYS_EMBED_SWIFT_STANDARD_LIBRARIES = YES;
				BUNDLE_LOADER = "$(TEST_HOST)";
				CODE_SIGN_STYLE = Automatic;
				CURRENT_PROJECT_VERSION = 1;
				DEVELOPMENT_TEAM = 5ZZ45XJRC7;
				GENERATE_INFOPLIST_FILE = YES;
				IPHONEOS_DEPLOYMENT_TARGET = 15.5;
				MARKETING_VERSION = 1.0;
				PRODUCT_BUNDLE_IDENTIFIER = "com.myparkplus.BTC-ValidatorTests";
				PRODUCT_NAME = "$(TARGET_NAME)";
				SWIFT_EMIT_LOC_STRINGS = NO;
				SWIFT_VERSION = 5.0;
				TARGETED_DEVICE_FAMILY = "1,2";
				TEST_HOST = "$(BUILT_PRODUCTS_DIR)/BTC Validator.app/BTC Validator";
			};
			name = Debug;
		};
		75D4391E28FBFB91007B4C8B /* Release */ = {
			isa = XCBuildConfiguration;
			buildSettings = {
				ALWAYS_EMBED_SWIFT_STANDARD_LIBRARIES = YES;
				BUNDLE_LOADER = "$(TEST_HOST)";
				CODE_SIGN_STYLE = Automatic;
				CURRENT_PROJECT_VERSION = 1;
				DEVELOPMENT_TEAM = 5ZZ45XJRC7;
				GENERATE_INFOPLIST_FILE = YES;
				IPHONEOS_DEPLOYMENT_TARGET = 15.5;
				MARKETING_VERSION = 1.0;
				PRODUCT_BUNDLE_IDENTIFIER = "com.myparkplus.BTC-ValidatorTests";
				PRODUCT_NAME = "$(TARGET_NAME)";
				SWIFT_EMIT_LOC_STRINGS = NO;
				SWIFT_VERSION = 5.0;
				TARGETED_DEVICE_FAMILY = "1,2";
				TEST_HOST = "$(BUILT_PRODUCTS_DIR)/BTC Validator.app/BTC Validator";
			};
			name = Release;
		};
		75D4392028FBFB91007B4C8B /* Debug */ = {
			isa = XCBuildConfiguration;
			buildSettings = {
				ALWAYS_EMBED_SWIFT_STANDARD_LIBRARIES = YES;
				CODE_SIGN_STYLE = Automatic;
				CURRENT_PROJECT_VERSION = 1;
				DEVELOPMENT_TEAM = 5ZZ45XJRC7;
				GENERATE_INFOPLIST_FILE = YES;
				MARKETING_VERSION = 1.0;
				PRODUCT_BUNDLE_IDENTIFIER = "com.myparkplus.BTC-ValidatorUITests";
				PRODUCT_NAME = "$(TARGET_NAME)";
				SWIFT_EMIT_LOC_STRINGS = NO;
				SWIFT_VERSION = 5.0;
				TARGETED_DEVICE_FAMILY = "1,2";
				TEST_TARGET_NAME = "BTC Validator";
			};
			name = Debug;
		};
		75D4392128FBFB91007B4C8B /* Release */ = {
			isa = XCBuildConfiguration;
			buildSettings = {
				ALWAYS_EMBED_SWIFT_STANDARD_LIBRARIES = YES;
				CODE_SIGN_STYLE = Automatic;
				CURRENT_PROJECT_VERSION = 1;
				DEVELOPMENT_TEAM = 5ZZ45XJRC7;
				GENERATE_INFOPLIST_FILE = YES;
				MARKETING_VERSION = 1.0;
				PRODUCT_BUNDLE_IDENTIFIER = "com.myparkplus.BTC-ValidatorUITests";
				PRODUCT_NAME = "$(TARGET_NAME)";
				SWIFT_EMIT_LOC_STRINGS = NO;
				SWIFT_VERSION = 5.0;
				TARGETED_DEVICE_FAMILY = "1,2";
				TEST_TARGET_NAME = "BTC Validator";
			};
			name = Release;
		};
/* End XCBuildConfiguration section */

/* Begin XCConfigurationList section */
		75D438EA28FBFB8B007B4C8B /* Build configuration list for PBXProject "BTC Validator" */ = {
			isa = XCConfigurationList;
			buildConfigurations = (
				75D4391728FBFB91007B4C8B /* Debug */,
				75D4391828FBFB91007B4C8B /* Release */,
			);
			defaultConfigurationIsVisible = 0;
			defaultConfigurationName = Release;
		};
		75D4391928FBFB91007B4C8B /* Build configuration list for PBXNativeTarget "BTC Validator" */ = {
			isa = XCConfigurationList;
			buildConfigurations = (
				75D4391A28FBFB91007B4C8B /* Debug */,
				75D4391B28FBFB91007B4C8B /* Release */,
			);
			defaultConfigurationIsVisible = 0;
			defaultConfigurationName = Release;
		};
		75D4391C28FBFB91007B4C8B /* Build configuration list for PBXNativeTarget "BTC ValidatorTests" */ = {
			isa = XCConfigurationList;
			buildConfigurations = (
				75D4391D28FBFB91007B4C8B /* Debug */,
				75D4391E28FBFB91007B4C8B /* Release */,
			);
			defaultConfigurationIsVisible = 0;
			defaultConfigurationName = Release;
		};
		75D4391F28FBFB91007B4C8B /* Build configuration list for PBXNativeTarget "BTC ValidatorUITests" */ = {
			isa = XCConfigurationList;
			buildConfigurations = (
				75D4392028FBFB91007B4C8B /* Debug */,
				75D4392128FBFB91007B4C8B /* Release */,
			);
			defaultConfigurationIsVisible = 0;
			defaultConfigurationName = Release;
		};
/* End XCConfigurationList section */
	};
	rootObject = 75D438E728FBFB8B007B4C8B /* Project object */;
}
